<?xml version="1.0" encoding="UTF-8"?>
<Scheme
   LastUpgradeVersion = "1430"
   version = "1.7">
   <BuildAction
      parallelizeBuildables = "YES"
      buildImplicitDependencies = "YES">
      <BuildActionEntries>
         <BuildActionEntry
            buildForTesting = "YES"
            buildForRunning = "YES"
            buildForProfiling = "YES"
            buildForArchiving = "YES"
            buildForAnalyzing = "YES">
            <BuildableReference
               BuildableIdentifier = "primary"
               BlueprintIdentifier = "2B2EA7681CBB0377001507DD"
               BuildableName = "OrderME.app"
               BlueprintName = "orderMe"
               ReferencedContainer = "container:orderMe.xcodeproj">
            </BuildableReference>
         </BuildActionEntry>
      </BuildActionEntries>
   </BuildAction>
   <TestAction
      buildConfiguration = "Debug"
      selectedDebuggerIdentifier = "Xcode.DebuggerFoundation.Debugger.LLDB"
      selectedLauncherIdentifier = "Xcode.DebuggerFoundation.Launcher.LLDB"
      shouldUseLaunchSchemeArgsEnv = "YES"
      language = "en"
      region = "US">
      <MacroExpansion>
         <BuildableReference
            BuildableIdentifier = "primary"
            BlueprintIdentifier = "2B2EA7681CBB0377001507DD"
            BuildableName = "OrderME.app"
            BlueprintName = "orderMe"
            ReferencedContainer = "container:orderMe.xcodeproj">
         </BuildableReference>
      </MacroExpansion>
      <TestPlans>
         <TestPlanReference
            reference = "container:OrderMEUITests/TestPlans/Regression.xctestplan">
         </TestPlanReference>
         <TestPlanReference
            reference = "container:OrderMEUITests/TestPlans/Smoke.xctestplan"
            default = "YES">
         </TestPlanReference>
      </TestPlans>
      <Testables>
         <TestableReference
            skipped = "NO">
            <BuildableReference
               BuildableIdentifier = "primary"
               BlueprintIdentifier = "5C5C9B1F2DD3BA320072E901"
               BuildableName = "OrderMEUITests.xctest"
               BlueprintName = "OrderMEUITests"
               ReferencedContainer = "container:orderMe.xcodeproj">
            </BuildableReference>
            <SkippedTests>
               <Test
                  Identifier = "OrderMEUITestsLaunchTests">
               </Test>
               <Test
                  Identifier = "OrderMEUITestsLaunchTests/testLaunch()">
               </Test>
               <Test
                  Identifier = "ReservationStubTests">
               </Test>
               <Test
                  Identifier = "ReservationTest/testNoNumberOfPeopleReservation()">
               </Test>
               <Test
                  Identifier = "ReservationTest/testReservationWithoutPhoneNumber()">
               </Test>
               <Test
                  Identifier = "ReservationsStubTest/testReservationHappyPath()">
               </Test>
            </SkippedTests>
         </TestableReference>
      </Testables>
   </TestAction>
   <LaunchAction
      buildConfiguration = "Debug"
      selectedDebuggerIdentifier = ""
      selectedLauncherIdentifier = "Xcode.IDEFoundation.Launcher.PosixSpawn"
      launchStyle = "0"
      useCustomWorkingDirectory = "NO"
      ignoresPersistentStateOnLaunch = "NO"
      debugDocumentVersioning = "YES"
      debugServiceExtension = "internal"
      allowLocationSimulation = "YES">
      <BuildableProductRunnable
         runnableDebuggingMode = "0">
         <BuildableReference
            BuildableIdentifier = "primary"
            BlueprintIdentifier = "2B2EA7681CBB0377001507DD"
            BuildableName = "OrderME.app"
            BlueprintName = "orderMe"
            ReferencedContainer = "container:orderMe.xcodeproj">
         </BuildableReference>
      </BuildableProductRunnable>
   </LaunchAction>
   <ProfileAction
      buildConfiguration = "Release"
      shouldUseLaunchSchemeArgsEnv = "YES"
      savedToolIdentifier = ""
      useCustomWorkingDirectory = "NO"
      debugDocumentVersioning = "YES">
      <BuildableProductRunnable
         runnableDebuggingMode = "0">
         <BuildableReference
            BuildableIdentifier = "primary"
            BlueprintIdentifier = "2B2EA7681CBB0377001507DD"
            BuildableName = "OrderME.app"
            BlueprintName = "orderMe"
            ReferencedContainer = "container:orderMe.xcodeproj">
         </BuildableReference>
      </BuildableProductRunnable>
   </ProfileAction>
   <AnalyzeAction
      buildConfiguration = "Debug">
   </AnalyzeAction>
   <ArchiveAction
      buildConfiguration = "Release"
      revealArchiveInOrganizer = "YES">
   </ArchiveAction>
</Scheme>
